
Microsoft Visual Studio Solution File, Format Version 12.00
# Visual Studio Version 16
VisualStudioVersion = 16.0.29509.3
MinimumVisualStudioVersion = 10.0.40219.1
Project("{FAE04EC0-301F-11D3-BF4B-00C04F79EFBC}") = "OdeToFood.Web", "OdeToFood.Web\OdeToFood.Web.csproj", "{863E2B55-56B7-490F-AB34-893DBF6C04F6}"
EndProject
Project("{FAE04EC0-301F-11D3-BF4B-00C04F79EFBC}") = "OdeToFood.Data", "OdeToFood.Data\OdeToFood.Data.csproj", "{478F6910-7504-44EA-98F2-C066FDE5575F}"
EndProject
Global
	GlobalSection(SolutionConfigurationPlatforms) = preSolution
		Debug|Any CPU = Debug|Any CPU
		Release|Any CPU = Release|Any CPU
	EndGlobalSection
	GlobalSection(ProjectConfigurationPlatforms) = postSolution
		{863E2B55-56B7-490F-AB34-893DBF6C04F6}.Debug|Any CPU.ActiveCfg = Debug|Any CPU
		{863E2B55-56B7-490F-AB34-893DBF6C04F6}.Debug|Any CPU.Build.0 = Debug|Any CPU
		{863E2B55-56B7-490F-AB34-893DBF6C04F6}.Release|Any CPU.ActiveCfg = Release|Any CPU
		{863E2B55-56B7-490F-AB34-893DBF6C04F6}.Release|Any CPU.Build.0 = Release|Any CPU
		{478F6910-7504-44EA-98F2-C066FDE5575F}.Debug|Any CPU.ActiveCfg = Debug|Any CPU
		{478F6910-7504-44EA-98F2-C066FDE5575F}.Debug|Any CPU.Build.0 = Debug|Any CPU
		{478F6910-7504-44EA-98F2-C066FDE5575F}.Release|Any CPU.ActiveCfg = Release|Any CPU
		{478F6910-7504-44EA-98F2-C066FDE5575F}.Release|Any CPU.Build.0 = Release|Any CPU
	EndGlobalSection
	GlobalSection(SolutionProperties) = preSolution
		HideSolutionNode = FALSE
	EndGlobalSection
	GlobalSection(ExtensibilityGlobals) = postSolution
		SolutionGuid = {0F52BB23-C578-41CB-A993-2C692BD784CE}
	EndGlobalSection
EndGlobal
